
Microsoft Visual Studio Solution File, Format Version 12.00
# Visual Studio Version 17
VisualStudioVersion = 17.4.33213.308
MinimumVisualStudioVersion = 10.0.40219.1
Project("{FAE04EC0-301F-11D3-BF4B-00C04F79EFBC}") = "KnowledgeCheck2", "KnowledgeCheck2.csproj", "{038F1FF0-BCD4-4FD1-A095-76E3FE50033A}"
EndProject
Global
	GlobalSection(SolutionConfigurationPlatforms) = preSolution
		Debug|Any CPU = Debug|Any CPU
		Release|Any CPU = Release|Any CPU
	EndGlobalSection
	GlobalSection(ProjectConfigurationPlatforms) = postSolution
		{038F1FF0-BCD4-4FD1-A095-76E3FE50033A}.Debug|Any CPU.ActiveCfg = Debug|Any CPU
		{038F1FF0-BCD4-4FD1-A095-76E3FE50033A}.Debug|Any CPU.Build.0 = Debug|Any CPU
		{038F1FF0-BCD4-4FD1-A095-76E3FE50033A}.Release|Any CPU.ActiveCfg = Release|Any CPU
		{038F1FF0-BCD4-4FD1-A095-76E3FE50033A}.Release|Any CPU.Build.0 = Release|Any CPU
	EndGlobalSection
	GlobalSection(SolutionProperties) = preSolution
		HideSolutionNode = FALSE
	EndGlobalSection
	GlobalSection(ExtensibilityGlobals) = postSolution
		SolutionGuid = {B169256B-B58C-44FC-BD7B-AB31C57B64F1}
	EndGlobalSection
EndGlobal
